// !$*UTF8*$!
{
	archiveVersion = 1;
	classes = {
	};
	objectVersion = 48;
	objects = {

/* Begin PBXBuildFile section */
		006E9CD81FDB34640071AF61 /* PhotoModel.swift in Sources */ = {isa = PBXBuildFile; fileRef = 006E9CD71FDB34640071AF61 /* PhotoModel.swift */; };
		006E9CDC1FDB57680071AF61 /* TwitterTableViewController.swift in Sources */ = {isa = PBXBuildFile; fileRef = 006E9CDB1FDB57680071AF61 /* TwitterTableViewController.swift */; };
		006E9CDE1FDB76530071AF61 /* LocationManager.swift in Sources */ = {isa = PBXBuildFile; fileRef = 006E9CDD1FDB76530071AF61 /* LocationManager.swift */; };
		006E9CE01FDB81B50071AF61 /* FavoritesMapViewController.swift in Sources */ = {isa = PBXBuildFile; fileRef = 006E9CDF1FDB81B50071AF61 /* FavoritesMapViewController.swift */; };
		00A8F0D01FD5DA4900893E90 /* GoogleVisionAPIManager.swift in Sources */ = {isa = PBXBuildFile; fileRef = 00A8F0CF1FD5DA4900893E90 /* GoogleVisionAPIManager.swift */; };
		00A8F0D31FD5DC4C00893E90 /* UIImage+Utils.swift in Sources */ = {isa = PBXBuildFile; fileRef = 00A8F0D21FD5DC4C00893E90 /* UIImage+Utils.swift */; };
		00A8F0D61FD5E64F00893E90 /* GoogleVisionResult.swift in Sources */ = {isa = PBXBuildFile; fileRef = 00A8F0D51FD5E64F00893E90 /* GoogleVisionResult.swift */; };
		00A8F0D81FD5E66200893E90 /* WikipediaResult.swift in Sources */ = {isa = PBXBuildFile; fileRef = 00A8F0D71FD5E66200893E90 /* WikipediaResult.swift */; };
		00A8F0DA1FD5E6A100893E90 /* WikipediaAPIManager.swift in Sources */ = {isa = PBXBuildFile; fileRef = 00A8F0D91FD5E6A100893E90 /* WikipediaAPIManager.swift */; };
		00A8F0DC1FD5E6AF00893E90 /* PersistanceManager.swift in Sources */ = {isa = PBXBuildFile; fileRef = 00A8F0DB1FD5E6AF00893E90 /* PersistanceManager.swift */; };
		00D00C421FE2429F009406DB /* FavoriteTableViewCell.swift in Sources */ = {isa = PBXBuildFile; fileRef = 00D00C411FE2429F009406DB /* FavoriteTableViewCell.swift */; };
		00E1D7301FB78F85005ABB49 /* AppDelegate.swift in Sources */ = {isa = PBXBuildFile; fileRef = 00E1D72F1FB78F85005ABB49 /* AppDelegate.swift */; };
		00E1D7321FB78F85005ABB49 /* MenuViewController.swift in Sources */ = {isa = PBXBuildFile; fileRef = 00E1D7311FB78F85005ABB49 /* MenuViewController.swift */; };
		00E1D7351FB78F85005ABB49 /* Main.storyboard in Resources */ = {isa = PBXBuildFile; fileRef = 00E1D7331FB78F85005ABB49 /* Main.storyboard */; };
		00E1D7371FB78F85005ABB49 /* Assets.xcassets in Resources */ = {isa = PBXBuildFile; fileRef = 00E1D7361FB78F85005ABB49 /* Assets.xcassets */; };
		00E1D73A1FB78F85005ABB49 /* LaunchScreen.storyboard in Resources */ = {isa = PBXBuildFile; fileRef = 00E1D7381FB78F85005ABB49 /* LaunchScreen.storyboard */; };
		00E1D7421FB7A67B005ABB49 /* PhotoIdentificationViewController.swift in Sources */ = {isa = PBXBuildFile; fileRef = 00E1D7411FB7A67B005ABB49 /* PhotoIdentificationViewController.swift */; };
		00E1D7441FB7A6C6005ABB49 /* FavoritePhotosTableViewController.swift in Sources */ = {isa = PBXBuildFile; fileRef = 00E1D7431FB7A6C6005ABB49 /* FavoritePhotosTableViewController.swift */; };
		00E1D7461FB7A712005ABB49 /* PhotoDetailsViewController.swift in Sources */ = {isa = PBXBuildFile; fileRef = 00E1D7451FB7A712005ABB49 /* PhotoDetailsViewController.swift */; };
		C06D3F2FBA3D9C87AEC6A985 /* Pods_whatsthis.framework in Frameworks */ = {isa = PBXBuildFile; fileRef = 99B58F21EE7C86C3DABB9C7D /* Pods_whatsthis.framework */; };
/* End PBXBuildFile section */

/* Begin PBXFileReference section */
		006E9CD71FDB34640071AF61 /* PhotoModel.swift */ = {isa = PBXFileReference; lastKnownFileType = sourcecode.swift; path = PhotoModel.swift; sourceTree = "<group>"; };
		006E9CDB1FDB57680071AF61 /* TwitterTableViewController.swift */ = {isa = PBXFileReference; lastKnownFileType = sourcecode.swift; path = TwitterTableViewController.swift; sourceTree = "<group>"; };
		006E9CDD1FDB76530071AF61 /* LocationManager.swift */ = {isa = PBXFileReference; lastKnownFileType = sourcecode.swift; path = LocationManager.swift; sourceTree = "<group>"; };
		006E9CDF1FDB81B50071AF61 /* FavoritesMapViewController.swift */ = {isa = PBXFileReference; lastKnownFileType = sourcecode.swift; path = FavoritesMapViewController.swift; sourceTree = "<group>"; };
		00A8F0CF1FD5DA4900893E90 /* GoogleVisionAPIManager.swift */ = {isa = PBXFileReference; lastKnownFileType = sourcecode.swift; path = GoogleVisionAPIManager.swift; sourceTree = "<group>"; };
		00A8F0D21FD5DC4C00893E90 /* UIImage+Utils.swift */ = {isa = PBXFileReference; lastKnownFileType = sourcecode.swift; path = "UIImage+Utils.swift"; sourceTree = "<group>"; };
		00A8F0D51FD5E64F00893E90 /* GoogleVisionResult.swift */ = {isa = PBXFileReference; lastKnownFileType = sourcecode.swift; path = GoogleVisionResult.swift; sourceTree = "<group>"; };
		00A8F0D71FD5E66200893E90 /* WikipediaResult.swift */ = {isa = PBXFileReference; lastKnownFileType = sourcecode.swift; path = WikipediaResult.swift; sourceTree = "<group>"; };
		00A8F0D91FD5E6A100893E90 /* WikipediaAPIManager.swift */ = {isa = PBXFileReference; lastKnownFileType = sourcecode.swift; path = WikipediaAPIManager.swift; sourceTree = "<group>"; };
		00A8F0DB1FD5E6AF00893E90 /* PersistanceManager.swift */ = {isa = PBXFileReference; lastKnownFileType = sourcecode.swift; path = PersistanceManager.swift; sourceTree = "<group>"; };
		00D00C411FE2429F009406DB /* FavoriteTableViewCell.swift */ = {isa = PBXFileReference; lastKnownFileType = sourcecode.swift; path = FavoriteTableViewCell.swift; sourceTree = "<group>"; };
		00E1D72C1FB78F85005ABB49 /* whatsthis.app */ = {isa = PBXFileReference; explicitFileType = wrapper.application; includeInIndex = 0; path = whatsthis.app; sourceTree = BUILT_PRODUCTS_DIR; };
		00E1D72F1FB78F85005ABB49 /* AppDelegate.swift */ = {isa = PBXFileReference; lastKnownFileType = sourcecode.swift; path = AppDelegate.swift; sourceTree = "<group>"; };
		00E1D7311FB78F85005ABB49 /* MenuViewController.swift */ = {isa = PBXFileReference; lastKnownFileType = sourcecode.swift; path = MenuViewController.swift; sourceTree = "<group>"; };
		00E1D7341FB78F85005ABB49 /* Base */ = {isa = PBXFileReference; lastKnownFileType = file.storyboard; name = Base; path = Base.lproj/Main.storyboard; sourceTree = "<group>"; };
		00E1D7361FB78F85005ABB49 /* Assets.xcassets */ = {isa = PBXFileReference; lastKnownFileType = folder.assetcatalog; path = Assets.xcassets; sourceTree = "<group>"; };
		00E1D7391FB78F85005ABB49 /* Base */ = {isa = PBXFileReference; lastKnownFileType = file.storyboard; name = Base; path = Base.lproj/LaunchScreen.storyboard; sourceTree = "<group>"; };
		00E1D73B1FB78F85005ABB49 /* Info.plist */ = {isa = PBXFileReference; lastKnownFileType = text.plist.xml; path = Info.plist; sourceTree = "<group>"; };
		00E1D7411FB7A67B005ABB49 /* PhotoIdentificationViewController.swift */ = {isa = PBXFileReference; lastKnownFileType = sourcecode.swift; path = PhotoIdentificationViewController.swift; sourceTree = "<group>"; };
		00E1D7431FB7A6C6005ABB49 /* FavoritePhotosTableViewController.swift */ = {isa = PBXFileReference; lastKnownFileType = sourcecode.swift; path = FavoritePhotosTableViewController.swift; sourceTree = "<group>"; };
		00E1D7451FB7A712005ABB49 /* PhotoDetailsViewController.swift */ = {isa = PBXFileReference; lastKnownFileType = sourcecode.swift; path = PhotoDetailsViewController.swift; sourceTree = "<group>"; };
		64774B61BC97399D61B7A7A6 /* Pods-whatsthis.debug.xcconfig */ = {isa = PBXFileReference; includeInIndex = 1; lastKnownFileType = text.xcconfig; name = "Pods-whatsthis.debug.xcconfig"; path = "Pods/Target Support Files/Pods-whatsthis/Pods-whatsthis.debug.xcconfig"; sourceTree = "<group>"; };
		99B58F21EE7C86C3DABB9C7D /* Pods_whatsthis.framework */ = {isa = PBXFileReference; explicitFileType = wrapper.framework; includeInIndex = 0; path = Pods_whatsthis.framework; sourceTree = BUILT_PRODUCTS_DIR; };
		DCC3F5A8021C39885DD458F0 /* Pods-whatsthis.release.xcconfig */ = {isa = PBXFileReference; includeInIndex = 1; lastKnownFileType = text.xcconfig; name = "Pods-whatsthis.release.xcconfig"; path = "Pods/Target Support Files/Pods-whatsthis/Pods-whatsthis.release.xcconfig"; sourceTree = "<group>"; };
/* End PBXFileReference section */

/* Begin PBXFrameworksBuildPhase section */
		00E1D7291FB78F85005ABB49 /* Frameworks */ = {
			isa = PBXFrameworksBuildPhase;
			buildActionMask = 2147483647;
			files = (
				C06D3F2FBA3D9C87AEC6A985 /* Pods_whatsthis.framework in Frameworks */,
			);
			runOnlyForDeploymentPostprocessing = 0;
		};
/* End PBXFrameworksBuildPhase section */

/* Begin PBXGroup section */
		00A8F0CE1FD5D9D100893E90 /* Utils */ = {
			isa = PBXGroup;
			children = (
				00A8F0CF1FD5DA4900893E90 /* GoogleVisionAPIManager.swift */,
				00A8F0D91FD5E6A100893E90 /* WikipediaAPIManager.swift */,
				00A8F0DB1FD5E6AF00893E90 /* PersistanceManager.swift */,
				006E9CDD1FDB76530071AF61 /* LocationManager.swift */,
			);
			path = Utils;
			sourceTree = "<group>";
		};
		00A8F0D11FD5DC1900893E90 /* Extensions */ = {
			isa = PBXGroup;
			children = (
				00A8F0D21FD5DC4C00893E90 /* UIImage+Utils.swift */,
			);
			path = Extensions;
			sourceTree = "<group>";
		};
		00A8F0D41FD5E63600893E90 /* Models */ = {
			isa = PBXGroup;
			children = (
				00A8F0D51FD5E64F00893E90 /* GoogleVisionResult.swift */,
				00A8F0D71FD5E66200893E90 /* WikipediaResult.swift */,
				006E9CD71FDB34640071AF61 /* PhotoModel.swift */,
			);
			path = Models;
			sourceTree = "<group>";
		};
		00E1D7231FB78F85005ABB49 = {
			isa = PBXGroup;
			children = (
				00E1D72E1FB78F85005ABB49 /* whatsthis */,
				00E1D72D1FB78F85005ABB49 /* Products */,
				8EC5B91E796A0027E70CD8EC /* Pods */,
				C609F2F03581DE773500E182 /* Frameworks */,
			);
			sourceTree = "<group>";
		};
		00E1D72D1FB78F85005ABB49 /* Products */ = {
			isa = PBXGroup;
			children = (
				00E1D72C1FB78F85005ABB49 /* whatsthis.app */,
			);
			name = Products;
			sourceTree = "<group>";
		};
		00E1D72E1FB78F85005ABB49 /* whatsthis */ = {
			isa = PBXGroup;
			children = (
				00A8F0D41FD5E63600893E90 /* Models */,
				00A8F0D11FD5DC1900893E90 /* Extensions */,
				00A8F0CE1FD5D9D100893E90 /* Utils */,
				00E1D7471FB7A88B005ABB49 /* Views */,
				00E1D72F1FB78F85005ABB49 /* AppDelegate.swift */,
				00E1D7331FB78F85005ABB49 /* Main.storyboard */,
				00E1D7361FB78F85005ABB49 /* Assets.xcassets */,
				00E1D7381FB78F85005ABB49 /* LaunchScreen.storyboard */,
				00E1D73B1FB78F85005ABB49 /* Info.plist */,
			);
			path = whatsthis;
			sourceTree = "<group>";
		};
		00E1D7471FB7A88B005ABB49 /* Views */ = {
			isa = PBXGroup;
			children = (
				00E1D7311FB78F85005ABB49 /* MenuViewController.swift */,
				00E1D7411FB7A67B005ABB49 /* PhotoIdentificationViewController.swift */,
				00E1D7431FB7A6C6005ABB49 /* FavoritePhotosTableViewController.swift */,
				00E1D7451FB7A712005ABB49 /* PhotoDetailsViewController.swift */,
				006E9CDB1FDB57680071AF61 /* TwitterTableViewController.swift */,
				006E9CDF1FDB81B50071AF61 /* FavoritesMapViewController.swift */,
				00D00C411FE2429F009406DB /* FavoriteTableViewCell.swift */,
			);
			path = Views;
			sourceTree = "<group>";
		};
		8EC5B91E796A0027E70CD8EC /* Pods */ = {
			isa = PBXGroup;
			children = (
				64774B61BC97399D61B7A7A6 /* Pods-whatsthis.debug.xcconfig */,
				DCC3F5A8021C39885DD458F0 /* Pods-whatsthis.release.xcconfig */,
			);
			name = Pods;
			sourceTree = "<group>";
		};
		C609F2F03581DE773500E182 /* Frameworks */ = {
			isa = PBXGroup;
			children = (
				99B58F21EE7C86C3DABB9C7D /* Pods_whatsthis.framework */,
			);
			name = Frameworks;
			sourceTree = "<group>";
		};
/* End PBXGroup section */

/* Begin PBXNativeTarget section */
		00E1D72B1FB78F85005ABB49 /* whatsthis */ = {
			isa = PBXNativeTarget;
			buildConfigurationList = 00E1D73E1FB78F85005ABB49 /* Build configuration list for PBXNativeTarget "whatsthis" */;
			buildPhases = (
				F6B349EBBC634277B33792C1 /* [CP] Check Pods Manifest.lock */,
				00E1D7281FB78F85005ABB49 /* Sources */,
				00E1D7291FB78F85005ABB49 /* Frameworks */,
				00E1D72A1FB78F85005ABB49 /* Resources */,
				74441978FB2095CBEE461071 /* [CP] Embed Pods Frameworks */,
				9F58226D267E8BEC61C8E3ED /* [CP] Copy Pods Resources */,
			);
			buildRules = (
			);
			dependencies = (
			);
			name = whatsthis;
			productName = whatsthis;
			productReference = 00E1D72C1FB78F85005ABB49 /* whatsthis.app */;
			productType = "com.apple.product-type.application";
		};
/* End PBXNativeTarget section */

/* Begin PBXProject section */
		00E1D7241FB78F85005ABB49 /* Project object */ = {
			isa = PBXProject;
			attributes = {
				LastSwiftUpdateCheck = 0910;
				LastUpgradeCheck = 0910;
				ORGANIZATIONNAME = "Edwin Abraham";
				TargetAttributes = {
					00E1D72B1FB78F85005ABB49 = {
						CreatedOnToolsVersion = 9.1;
						ProvisioningStyle = Automatic;
					};
				};
			};
			buildConfigurationList = 00E1D7271FB78F85005ABB49 /* Build configuration list for PBXProject "whatsthis" */;
			compatibilityVersion = "Xcode 8.0";
			developmentRegion = en;
			hasScannedForEncodings = 0;
			knownRegions = (
				en,
				Base,
			);
			mainGroup = 00E1D7231FB78F85005ABB49;
			productRefGroup = 00E1D72D1FB78F85005ABB49 /* Products */;
			projectDirPath = "";
			projectRoot = "";
			targets = (
				00E1D72B1FB78F85005ABB49 /* whatsthis */,
			);
		};
/* End PBXProject section */

/* Begin PBXResourcesBuildPhase section */
		00E1D72A1FB78F85005ABB49 /* Resources */ = {
			isa = PBXResourcesBuildPhase;
			buildActionMask = 2147483647;
			files = (
				00E1D73A1FB78F85005ABB49 /* LaunchScreen.storyboard in Resources */,
				00E1D7371FB78F85005ABB49 /* Assets.xcassets in Resources */,
				00E1D7351FB78F85005ABB49 /* Main.storyboard in Resources */,
			);
			runOnlyForDeploymentPostprocessing = 0;
		};
/* End PBXResourcesBuildPhase section */

/* Begin PBXShellScriptBuildPhase section */
		74441978FB2095CBEE461071 /* [CP] Embed Pods Frameworks */ = {
			isa = PBXShellScriptBuildPhase;
			buildActionMask = 2147483647;
			files = (
			);
			inputPaths = (
				"${SRCROOT}/Pods/Target Support Files/Pods-whatsthis/Pods-whatsthis-frameworks.sh",
				"${BUILT_PRODUCTS_DIR}/MBProgressHUD/MBProgressHUD.framework",
			);
			name = "[CP] Embed Pods Frameworks";
			outputPaths = (
				"${TARGET_BUILD_DIR}/${FRAMEWORKS_FOLDER_PATH}/MBProgressHUD.framework",
			);
			runOnlyForDeploymentPostprocessing = 0;
			shellPath = /bin/sh;
			shellScript = "\"${SRCROOT}/Pods/Target Support Files/Pods-whatsthis/Pods-whatsthis-frameworks.sh\"\n";
			showEnvVarsInLog = 0;
		};
		9F58226D267E8BEC61C8E3ED /* [CP] Copy Pods Resources */ = {
			isa = PBXShellScriptBuildPhase;
			buildActionMask = 2147483647;
			files = (
			);
			inputPaths = (
				"${SRCROOT}/Pods/Target Support Files/Pods-whatsthis/Pods-whatsthis-resources.sh",
				"${PODS_ROOT}/TwitterKit/iOS/TwitterKit.framework/TwitterKitResources.bundle",
				"${PODS_ROOT}/TwitterKit/iOS/TwitterKit.framework/TwitterShareExtensionUIResources.bundle",
			);
			name = "[CP] Copy Pods Resources";
			outputPaths = (
				"${TARGET_BUILD_DIR}/${UNLOCALIZED_RESOURCES_FOLDER_PATH}",
			);
			runOnlyForDeploymentPostprocessing = 0;
			shellPath = /bin/sh;
			shellScript = "\"${SRCROOT}/Pods/Target Support Files/Pods-whatsthis/Pods-whatsthis-resources.sh\"\n";
			showEnvVarsInLog = 0;
		};
		F6B349EBBC634277B33792C1 /* [CP] Check Pods Manifest.lock */ = {
			isa = PBXShellScriptBuildPhase;
			buildActionMask = 2147483647;
			files = (
			);
			inputPaths = (
				"${PODS_PODFILE_DIR_PATH}/Podfile.lock",
				"${PODS_ROOT}/Manifest.lock",
			);
			name = "[CP] Check Pods Manifest.lock";
			outputPaths = (
				"$(DERIVED_FILE_DIR)/Pods-whatsthis-checkManifestLockResult.txt",
			);
			runOnlyForDeploymentPostprocessing = 0;
			shellPath = /bin/sh;
			shellScript = "diff \"${PODS_PODFILE_DIR_PATH}/Podfile.lock\" \"${PODS_ROOT}/Manifest.lock\" > /dev/null\nif [ $? != 0 ] ; then\n    # print error to STDERR\n    echo \"error: The sandbox is not in sync with the Podfile.lock. Run 'pod install' or update your CocoaPods installation.\" >&2\n    exit 1\nfi\n# This output is used by Xcode 'outputs' to avoid re-running this script phase.\necho \"SUCCESS\" > \"${SCRIPT_OUTPUT_FILE_0}\"\n";
			showEnvVarsInLog = 0;
		};
/* End PBXShellScriptBuildPhase section */

/* Begin PBXSourcesBuildPhase section */
		00E1D7281FB78F85005ABB49 /* Sources */ = {
			isa = PBXSourcesBuildPhase;
			buildActionMask = 2147483647;
			files = (
				00A8F0DC1FD5E6AF00893E90 /* PersistanceManager.swift in Sources */,
				00E1D7461FB7A712005ABB49 /* PhotoDetailsViewController.swift in Sources */,
				006E9CE01FDB81B50071AF61 /* FavoritesMapViewController.swift in Sources */,
				00E1D7321FB78F85005ABB49 /* MenuViewController.swift in Sources */,
				00A8F0D81FD5E66200893E90 /* WikipediaResult.swift in Sources */,
				00E1D7421FB7A67B005ABB49 /* PhotoIdentificationViewController.swift in Sources */,
				00E1D7441FB7A6C6005ABB49 /* FavoritePhotosTableViewController.swift in Sources */,
				006E9CD81FDB34640071AF61 /* PhotoModel.swift in Sources */,
				00A8F0D31FD5DC4C00893E90 /* UIImage+Utils.swift in Sources */,
				00D00C421FE2429F009406DB /* FavoriteTableViewCell.swift in Sources */,
				00E1D7301FB78F85005ABB49 /* AppDelegate.swift in Sources */,
				00A8F0D01FD5DA4900893E90 /* GoogleVisionAPIManager.swift in Sources */,
				006E9CDE1FDB76530071AF61 /* LocationManager.swift in Sources */,
				00A8F0DA1FD5E6A100893E90 /* WikipediaAPIManager.swift in Sources */,
				006E9CDC1FDB57680071AF61 /* TwitterTableViewController.swift in Sources */,
				00A8F0D61FD5E64F00893E90 /* GoogleVisionResult.swift in Sources */,
			);
			runOnlyForDeploymentPostprocessing = 0;
		};
/* End PBXSourcesBuildPhase section */

/* Begin PBXVariantGroup section */
		00E1D7331FB78F85005ABB49 /* Main.storyboard */ = {
			isa = PBXVariantGroup;
			children = (
				00E1D7341FB78F85005ABB49 /* Base */,
			);
			name = Main.storyboard;
			sourceTree = "<group>";
		};
		00E1D7381FB78F85005ABB49 /* LaunchScreen.storyboard */ = {
			isa = PBXVariantGroup;
			children = (
				00E1D7391FB78F85005ABB49 /* Base */,
			);
			name = LaunchScreen.storyboard;
			sourceTree = "<group>";
		};
/* End PBXVariantGroup section */

/* Begin XCBuildConfiguration section */
		00E1D73C1FB78F85005ABB49 /* Debug */ = {
			isa = XCBuildConfiguration;
			buildSettings = {
				ALWAYS_SEARCH_USER_PATHS = NO;
				CLANG_ANALYZER_NONNULL = YES;
				CLANG_ANALYZER_NUMBER_OBJECT_CONVERSION = YES_AGGRESSIVE;
				CLANG_CXX_LANGUAGE_STANDARD = "gnu++14";
				CLANG_CXX_LIBRARY = "libc++";
				CLANG_ENABLE_MODULES = YES;
				CLANG_ENABLE_OBJC_ARC = YES;
				CLANG_WARN_BLOCK_CAPTURE_AUTORELEASING = YES;
				CLANG_WARN_BOOL_CONVERSION = YES;
				CLANG_WARN_COMMA = YES;
				CLANG_WARN_CONSTANT_CONVERSION = YES;
				CLANG_WARN_DIRECT_OBJC_ISA_USAGE = YES_ERROR;
				CLANG_WARN_DOCUMENTATION_COMMENTS = YES;
				CLANG_WARN_EMPTY_BODY = YES;
				CLANG_WARN_ENUM_CONVERSION = YES;
				CLANG_WARN_INFINITE_RECURSION = YES;
				CLANG_WARN_INT_CONVERSION = YES;
				CLANG_WARN_NON_LITERAL_NULL_CONVERSION = YES;
				CLANG_WARN_OBJC_LITERAL_CONVERSION = YES;
				CLANG_WARN_OBJC_ROOT_CLASS = YES_ERROR;
				CLANG_WARN_RANGE_LOOP_ANALYSIS = YES;
				CLANG_WARN_STRICT_PROTOTYPES = YES;
				CLANG_WARN_SUSPICIOUS_MOVE = YES;
				CLANG_WARN_UNGUARDED_AVAILABILITY = YES_AGGRESSIVE;
				CLANG_WARN_UNREACHABLE_CODE = YES;
				CLANG_WARN__DUPLICATE_METHOD_MATCH = YES;
				CODE_SIGN_IDENTITY = "iPhone Developer";
				COPY_PHASE_STRIP = NO;
				DEBUG_INFORMATION_FORMAT = dwarf;
				ENABLE_STRICT_OBJC_MSGSEND = YES;
				ENABLE_TESTABILITY = YES;
				GCC_C_LANGUAGE_STANDARD = gnu11;
				GCC_DYNAMIC_NO_PIC = NO;
				GCC_NO_COMMON_BLOCKS = YES;
				GCC_OPTIMIZATION_LEVEL = 0;
				GCC_PREPROCESSOR_DEFINITIONS = (
					"DEBUG=1",
					"$(inherited)",
				);
				GCC_WARN_64_TO_32_BIT_CONVERSION = YES;
				GCC_WARN_ABOUT_RETURN_TYPE = YES_ERROR;
				GCC_WARN_UNDECLARED_SELECTOR = YES;
				GCC_WARN_UNINITIALIZED_AUTOS = YES_AGGRESSIVE;
				GCC_WARN_UNUSED_FUNCTION = YES;
				GCC_WARN_UNUSED_VARIABLE = YES;
				IPHONEOS_DEPLOYMENT_TARGET = 11.1;
				MTL_ENABLE_DEBUG_INFO = YES;
				ONLY_ACTIVE_ARCH = YES;
				SDKROOT = iphoneos;
				SWIFT_ACTIVE_COMPILATION_CONDITIONS = DEBUG;
				SWIFT_OPTIMIZATION_LEVEL = "-Onone";
			};
			name = Debug;
		};
		00E1D73D1FB78F85005ABB49 /* Release */ = {
			isa = XCBuildConfiguration;
			buildSettings = {
				ALWAYS_SEARCH_USER_PATHS = NO;
				CLANG_ANALYZER_NONNULL = YES;
				CLANG_ANALYZER_NUMBER_OBJECT_CONVERSION = YES_AGGRESSIVE;
				CLANG_CXX_LANGUAGE_STANDARD = "gnu++14";
				CLANG_CXX_LIBRARY = "libc++";
				CLANG_ENABLE_MODULES = YES;
				CLANG_ENABLE_OBJC_ARC = YES;
				CLANG_WARN_BLOCK_CAPTURE_AUTORELEASING = YES;
				CLANG_WARN_BOOL_CONVERSION = YES;
				CLANG_WARN_COMMA = YES;
				CLANG_WARN_CONSTANT_CONVERSION = YES;
				CLANG_WARN_DIRECT_OBJC_ISA_USAGE = YES_ERROR;
				CLANG_WARN_DOCUMENTATION_COMMENTS = YES;
				CLANG_WARN_EMPTY_BODY = YES;
				CLANG_WARN_ENUM_CONVERSION = YES;
				CLANG_WARN_INFINITE_RECURSION = YES;
				CLANG_WARN_INT_CONVERSION = YES;
				CLANG_WARN_NON_LITERAL_NULL_CONVERSION = YES;
				CLANG_WARN_OBJC_LITERAL_CONVERSION = YES;
				CLANG_WARN_OBJC_ROOT_CLASS = YES_ERROR;
				CLANG_WARN_RANGE_LOOP_ANALYSIS = YES;
				CLANG_WARN_STRICT_PROTOTYPES = YES;
				CLANG_WARN_SUSPICIOUS_MOVE = YES;
				CLANG_WARN_UNGUARDED_AVAILABILITY = YES_AGGRESSIVE;
				CLANG_WARN_UNREACHABLE_CODE = YES;
				CLANG_WARN__DUPLICATE_METHOD_MATCH = YES;
				CODE_SIGN_IDENTITY = "iPhone Developer";
				COPY_PHASE_STRIP = NO;
				DEBUG_INFORMATION_FORMAT = "dwarf-with-dsym";
				ENABLE_NS_ASSERTIONS = NO;
				ENABLE_STRICT_OBJC_MSGSEND = YES;
				GCC_C_LANGUAGE_STANDARD = gnu11;
				GCC_NO_COMMON_BLOCKS = YES;
				GCC_WARN_64_TO_32_BIT_CONVERSION = YES;
				GCC_WARN_ABOUT_RETURN_TYPE = YES_ERROR;
				GCC_WARN_UNDECLARED_SELECTOR = YES;
				GCC_WARN_UNINITIALIZED_AUTOS = YES_AGGRESSIVE;
				GCC_WARN_UNUSED_FUNCTION = YES;
				GCC_WARN_UNUSED_VARIABLE = YES;
				IPHONEOS_DEPLOYMENT_TARGET = 11.1;
				MTL_ENABLE_DEBUG_INFO = NO;
				SDKROOT = iphoneos;
				SWIFT_OPTIMIZATION_LEVEL = "-Owholemodule";
				VALIDATE_PRODUCT = YES;
			};
			name = Release;
		};
		00E1D73F1FB78F85005ABB49 /* Debug */ = {
			isa = XCBuildConfiguration;
			baseConfigurationReference = 64774B61BC97399D61B7A7A6 /* Pods-whatsthis.debug.xcconfig */;
			buildSettings = {
				ASSETCATALOG_COMPILER_APPICON_NAME = AppIcon;
				CODE_SIGN_STYLE = Automatic;
				DEVELOPMENT_TEAM = 79SMD3W4ZG;
				INFOPLIST_FILE = whatsthis/Info.plist;
				IPHONEOS_DEPLOYMENT_TARGET = 11.0;
				LD_RUNPATH_SEARCH_PATHS = "$(inherited) @executable_path/Frameworks";
				PRODUCT_BUNDLE_IDENTIFIER = com.edabe.whatsthis;
				PRODUCT_NAME = "$(TARGET_NAME)";
				SWIFT_VERSION = 4.0;
				TARGETED_DEVICE_FAMILY = "1,2";
			};
			name = Debug;
		};
		00E1D7401FB78F85005ABB49 /* Release */ = {
			isa = XCBuildConfiguration;
			baseConfigurationReference = DCC3F5A8021C39885DD458F0 /* Pods-whatsthis.release.xcconfig */;
			buildSettings = {
				ASSETCATALOG_COMPILER_APPICON_NAME = AppIcon;
				CODE_SIGN_STYLE = Automatic;
				DEVELOPMENT_TEAM = 79SMD3W4ZG;
				INFOPLIST_FILE = whatsthis/Info.plist;
				IPHONEOS_DEPLOYMENT_TARGET = 11.0;
				LD_RUNPATH_SEARCH_PATHS = "$(inherited) @executable_path/Frameworks";
				PRODUCT_BUNDLE_IDENTIFIER = com.edabe.whatsthis;
				PRODUCT_NAME = "$(TARGET_NAME)";
				SWIFT_VERSION = 4.0;
				TARGETED_DEVICE_FAMILY = "1,2";
			};
			name = Release;
		};
/* End XCBuildConfiguration section */

/* Begin XCConfigurationList section */
		00E1D7271FB78F85005ABB49 /* Build configuration list for PBXProject "whatsthis" */ = {
			isa = XCConfigurationList;
			buildConfigurations = (
				00E1D73C1FB78F85005ABB49 /* Debug */,
				00E1D73D1FB78F85005ABB49 /* Release */,
			);
			defaultConfigurationIsVisible = 0;
			defaultConfigurationName = Release;
		};
		00E1D73E1FB78F85005ABB49 /* Build configuration list for PBXNativeTarget "whatsthis" */ = {
			isa = XCConfigurationList;
			buildConfigurations = (
				00E1D73F1FB78F85005ABB49 /* Debug */,
				00E1D7401FB78F85005ABB49 /* Release */,
			);
			defaultConfigurationIsVisible = 0;
			defaultConfigurationName = Release;
		};
/* End XCConfigurationList section */
	};
	rootObject = 00E1D7241FB78F85005ABB49 /* Project object */;
}
